// !$*UTF8*$!
{
	archiveVersion = 1;
	classes = {
	};
	objectVersion = 46;
	objects = {

/* Begin PBXBuildFile section */
		3F1B3B6B1C98F8FD0012E529 /* main.m in Sources */ = {isa = PBXBuildFile; fileRef = 3F1B3B6A1C98F8FD0012E529 /* main.m */; };
		3F1B3B6E1C98F8FD0012E529 /* AppDelegate.m in Sources */ = {isa = PBXBuildFile; fileRef = 3F1B3B6D1C98F8FD0012E529 /* AppDelegate.m */; };
		3F1B3B711C98F8FD0012E529 /* ViewController.m in Sources */ = {isa = PBXBuildFile; fileRef = 3F1B3B701C98F8FD0012E529 /* ViewController.m */; };
		3F1B3B741C98F8FD0012E529 /* Main.storyboard in Resources */ = {isa = PBXBuildFile; fileRef = 3F1B3B721C98F8FD0012E529 /* Main.storyboard */; };
		3F1B3B761C98F8FD0012E529 /* Assets.xcassets in Resources */ = {isa = PBXBuildFile; fileRef = 3F1B3B751C98F8FD0012E529 /* Assets.xcassets */; };
		3F1B3B791C98F8FD0012E529 /* LaunchScreen.storyboard in Resources */ = {isa = PBXBuildFile; fileRef = 3F1B3B771C98F8FD0012E529 /* LaunchScreen.storyboard */; };
		3F1B3B841C98F8FD0012E529 /* wwwwTests.m in Sources */ = {isa = PBXBuildFile; fileRef = 3F1B3B831C98F8FD0012E529 /* wwwwTests.m */; };
		3F1B3B8F1C98F8FD0012E529 /* wwwwUITests.m in Sources */ = {isa = PBXBuildFile; fileRef = 3F1B3B8E1C98F8FD0012E529 /* wwwwUITests.m */; };
/* End PBXBuildFile section */

/* Begin PBXContainerItemProxy section */
		3F1B3B801C98F8FD0012E529 /* PBXContainerItemProxy */ = {
			isa = PBXContainerItemProxy;
			containerPortal = 3F1B3B5E1C98F8FD0012E529 /* Project object */;
			proxyType = 1;
			remoteGlobalIDString = 3F1B3B651C98F8FD0012E529;
			remoteInfo = wwww;
		};
		3F1B3B8B1C98F8FD0012E529 /* PBXContainerItemProxy */ = {
			isa = PBXContainerItemProxy;
			containerPortal = 3F1B3B5E1C98F8FD0012E529 /* Project object */;
			proxyType = 1;
			remoteGlobalIDString = 3F1B3B651C98F8FD0012E529;
			remoteInfo = wwww;
		};
/* End PBXContainerItemProxy section */

/* Begin PBXFileReference section */
		3F1B3B661C98F8FD0012E529 /* wwww.app */ = {isa = PBXFileReference; explicitFileType = wrapper.application; includeInIndex = 0; path = wwww.app; sourceTree = BUILT_PRODUCTS_DIR; };
		3F1B3B6A1C98F8FD0012E529 /* main.m */ = {isa = PBXFileReference; lastKnownFileType = sourcecode.c.objc; path = main.m; sourceTree = "<group>"; };
		3F1B3B6C1C98F8FD0012E529 /* AppDelegate.h */ = {isa = PBXFileReference; lastKnownFileType = sourcecode.c.h; path = AppDelegate.h; sourceTree = "<group>"; };
		3F1B3B6D1C98F8FD0012E529 /* AppDelegate.m */ = {isa = PBXFileReference; lastKnownFileType = sourcecode.c.objc; path = AppDelegate.m; sourceTree = "<group>"; };
		3F1B3B6F1C98F8FD0012E529 /* ViewController.h */ = {isa = PBXFileReference; lastKnownFileType = sourcecode.c.h; path = ViewController.h; sourceTree = "<group>"; };
		3F1B3B701C98F8FD0012E529 /* ViewController.m */ = {isa = PBXFileReference; lastKnownFileType = sourcecode.c.objc; path = ViewController.m; sourceTree = "<group>"; };
		3F1B3B731C98F8FD0012E529 /* Base */ = {isa = PBXFileReference; lastKnownFileType = file.storyboard; name = Base; path = Base.lproj/Main.storyboard; sourceTree = "<group>"; };
		3F1B3B751C98F8FD0012E529 /* Assets.xcassets */ = {isa = PBXFileReference; lastKnownFileType = folder.assetcatalog; path = Assets.xcassets; sourceTree = "<group>"; };
		3F1B3B781C98F8FD0012E529 /* Base */ = {isa = PBXFileReference; lastKnownFileType = file.storyboard; name = Base; path = Base.lproj/LaunchScreen.storyboard; sourceTree = "<group>"; };
		3F1B3B7A1C98F8FD0012E529 /* Info.plist */ = {isa = PBXFileReference; lastKnownFileType = text.plist.xml; path = Info.plist; sourceTree = "<group>"; };
		3F1B3B7F1C98F8FD0012E529 /* wwwwTests.xctest */ = {isa = PBXFileReference; explicitFileType = wrapper.cfbundle; includeInIndex = 0; path = wwwwTests.xctest; sourceTree = BUILT_PRODUCTS_DIR; };
		3F1B3B831C98F8FD0012E529 /* wwwwTests.m */ = {isa = PBXFileReference; lastKnownFileType = sourcecode.c.objc; path = wwwwTests.m; sourceTree = "<group>"; };
		3F1B3B851C98F8FD0012E529 /* Info.plist */ = {isa = PBXFileReference; lastKnownFileType = text.plist.xml; path = Info.plist; sourceTree = "<group>"; };
		3F1B3B8A1C98F8FD0012E529 /* wwwwUITests.xctest */ = {isa = PBXFileReference; explicitFileType = wrapper.cfbundle; includeInIndex = 0; path = wwwwUITests.xctest; sourceTree = BUILT_PRODUCTS_DIR; };
		3F1B3B8E1C98F8FD0012E529 /* wwwwUITests.m */ = {isa = PBXFileReference; lastKnownFileType = sourcecode.c.objc; path = wwwwUITests.m; sourceTree = "<group>"; };
		3F1B3B901C98F8FE0012E529 /* Info.plist */ = {isa = PBXFileReference; lastKnownFileType = text.plist.xml; path = Info.plist; sourceTree = "<group>"; };
/* End PBXFileReference section */

/* Begin PBXFrameworksBuildPhase section */
		3F1B3B631C98F8FD0012E529 /* Frameworks */ = {
			isa = PBXFrameworksBuildPhase;
			buildActionMask = 2147483647;
			files = (
			);
			runOnlyForDeploymentPostprocessing = 0;
		};
		3F1B3B7C1C98F8FD0012E529 /* Frameworks */ = {
			isa = PBXFrameworksBuildPhase;
			buildActionMask = 2147483647;
			files = (
			);
			runOnlyForDeploymentPostprocessing = 0;
		};
		3F1B3B871C98F8FD0012E529 /* Frameworks */ = {
			isa = PBXFrameworksBuildPhase;
			buildActionMask = 2147483647;
			files = (
			);
			runOnlyForDeploymentPostprocessing = 0;
		};
/* End PBXFrameworksBuildPhase section */

/* Begin PBXGroup section */
		3F1B3B5D1C98F8FD0012E529 = {
			isa = PBXGroup;
			children = (
				3F1B3B681C98F8FD0012E529 /* wwww */,
				3F1B3B821C98F8FD0012E529 /* wwwwTests */,
				3F1B3B8D1C98F8FD0012E529 /* wwwwUITests */,
				3F1B3B671C98F8FD0012E529 /* Products */,
			);
			sourceTree = "<group>";
		};
		3F1B3B671C98F8FD0012E529 /* Products */ = {
			isa = PBXGroup;
			children = (
				3F1B3B661C98F8FD0012E529 /* wwww.app */,
				3F1B3B7F1C98F8FD0012E529 /* wwwwTests.xctest */,
				3F1B3B8A1C98F8FD0012E529 /* wwwwUITests.xctest */,
			);
			name = Products;
			sourceTree = "<group>";
		};
		3F1B3B681C98F8FD0012E529 /* wwww */ = {
			isa = PBXGroup;
			children = (
				3F1B3B6C1C98F8FD0012E529 /* AppDelegate.h */,
				3F1B3B6D1C98F8FD0012E529 /* AppDelegate.m */,
				3F1B3B6F1C98F8FD0012E529 /* ViewController.h */,
				3F1B3B701C98F8FD0012E529 /* ViewController.m */,
				3F1B3B721C98F8FD0012E529 /* Main.storyboard */,
				3F1B3B751C98F8FD0012E529 /* Assets.xcassets */,
				3F1B3B771C98F8FD0012E529 /* LaunchScreen.storyboard */,
				3F1B3B7A1C98F8FD0012E529 /* Info.plist */,
				3F1B3B691C98F8FD0012E529 /* Supporting Files */,
			);
			path = wwww;
			sourceTree = "<group>";
		};
		3F1B3B691C98F8FD0012E529 /* Supporting Files */ = {
			isa = PBXGroup;
			children = (
				3F1B3B6A1C98F8FD0012E529 /* main.m */,
			);
			name = "Supporting Files";
			sourceTree = "<group>";
		};
		3F1B3B821C98F8FD0012E529 /* wwwwTests */ = {
			isa = PBXGroup;
			children = (
				3F1B3B831C98F8FD0012E529 /* wwwwTests.m */,
				3F1B3B851C98F8FD0012E529 /* Info.plist */,
			);
			path = wwwwTests;
			sourceTree = "<group>";
		};
		3F1B3B8D1C98F8FD0012E529 /* wwwwUITests */ = {
			isa = PBXGroup;
			children = (
				3F1B3B8E1C98F8FD0012E529 /* wwwwUITests.m */,
				3F1B3B901C98F8FE0012E529 /* Info.plist */,
			);
			path = wwwwUITests;
			sourceTree = "<group>";
		};
/* End PBXGroup section */

/* Begin PBXNativeTarget section */
		3F1B3B651C98F8FD0012E529 /* wwww */ = {
			isa = PBXNativeTarget;
			buildConfigurationList = 3F1B3B931C98F8FE0012E529 /* Build configuration list for PBXNativeTarget "wwww" */;
			buildPhases = (
				3F1B3B621C98F8FD0012E529 /* Sources */,
				3F1B3B631C98F8FD0012E529 /* Frameworks */,
				3F1B3B641C98F8FD0012E529 /* Resources */,
			);
			buildRules = (
			);
			dependencies = (
			);
			name = wwww;
			productName = wwww;
			productReference = 3F1B3B661C98F8FD0012E529 /* wwww.app */;
			productType = "com.apple.product-type.application";
		};
		3F1B3B7E1C98F8FD0012E529 /* wwwwTests */ = {
			isa = PBXNativeTarget;
			buildConfigurationList = 3F1B3B961C98F8FE0012E529 /* Build configuration list for PBXNativeTarget "wwwwTests" */;
			buildPhases = (
				3F1B3B7B1C98F8FD0012E529 /* Sources */,
				3F1B3B7C1C98F8FD0012E529 /* Frameworks */,
				3F1B3B7D1C98F8FD0012E529 /* Resources */,
			);
			buildRules = (
			);
			dependencies = (
				3F1B3B811C98F8FD0012E529 /* PBXTargetDependency */,
			);
			name = wwwwTests;
			productName = wwwwTests;
			productReference = 3F1B3B7F1C98F8FD0012E529 /* wwwwTests.xctest */;
			productType = "com.apple.product-type.bundle.unit-test";
		};
		3F1B3B891C98F8FD0012E529 /* wwwwUITests */ = {
			isa = PBXNativeTarget;
			buildConfigurationList = 3F1B3B991C98F8FE0012E529 /* Build configuration list for PBXNativeTarget "wwwwUITests" */;
			buildPhases = (
				3F1B3B861C98F8FD0012E529 /* Sources */,
				3F1B3B871C98F8FD0012E529 /* Frameworks */,
				3F1B3B881C98F8FD0012E529 /* Resources */,
			);
			buildRules = (
			);
			dependencies = (
				3F1B3B8C1C98F8FD0012E529 /* PBXTargetDependency */,
			);
			name = wwwwUITests;
			productName = wwwwUITests;
			productReference = 3F1B3B8A1C98F8FD0012E529 /* wwwwUITests.xctest */;
			productType = "com.apple.product-type.bundle.ui-testing";
		};
/* End PBXNativeTarget section */

/* Begin PBXProject section */
		3F1B3B5E1C98F8FD0012E529 /* Project object */ = {
			isa = PBXProject;
			attributes = {
				LastUpgradeCheck = 0700;
				ORGANIZATIONNAME = 3.3;
				TargetAttributes = {
					3F1B3B651C98F8FD0012E529 = {
						CreatedOnToolsVersion = 7.0.1;
						DevelopmentTeam = NS44X9W36R;
					};
					3F1B3B7E1C98F8FD0012E529 = {
						CreatedOnToolsVersion = 7.0.1;
						DevelopmentTeam = NS44X9W36R;
						TestTargetID = 3F1B3B651C98F8FD0012E529;
					};
					3F1B3B891C98F8FD0012E529 = {
						CreatedOnToolsVersion = 7.0.1;
						DevelopmentTeam = NS44X9W36R;
						TestTargetID = 3F1B3B651C98F8FD0012E529;
					};
				};
			};
			buildConfigurationList = 3F1B3B611C98F8FD0012E529 /* Build configuration list for PBXProject "wwww" */;
			compatibilityVersion = "Xcode 3.2";
			developmentRegion = English;
			hasScannedForEncodings = 0;
			knownRegions = (
				en,
				Base,
			);
			mainGroup = 3F1B3B5D1C98F8FD0012E529;
			productRefGroup = 3F1B3B671C98F8FD0012E529 /* Products */;
			projectDirPath = "";
			projectRoot = "";
			targets = (
				3F1B3B651C98F8FD0012E529 /* wwww */,
				3F1B3B7E1C98F8FD0012E529 /* wwwwTests */,
				3F1B3B891C98F8FD0012E529 /* wwwwUITests */,
			);
		};
/* End PBXProject section */

/* Begin PBXResourcesBuildPhase section */
		3F1B3B641C98F8FD0012E529 /* Resources */ = {
			isa = PBXResourcesBuildPhase;
			buildActionMask = 2147483647;
			files = (
				3F1B3B791C98F8FD0012E529 /* LaunchScreen.storyboard in Resources */,
				3F1B3B761C98F8FD0012E529 /* Assets.xcassets in Resources */,
				3F1B3B741C98F8FD0012E529 /* Main.storyboard in Resources */,
			);
			runOnlyForDeploymentPostprocessing = 0;
		};
		3F1B3B7D1C98F8FD0012E529 /* Resources */ = {
			isa = PBXResourcesBuildPhase;
			buildActionMask = 2147483647;
			files = (
			);
			runOnlyForDeploymentPostprocessing = 0;
		};
		3F1B3B881C98F8FD0012E529 /* Resources */ = {
			isa = PBXResourcesBuildPhase;
			buildActionMask = 2147483647;
			files = (
			);
			runOnlyForDeploymentPostprocessing = 0;
		};
/* End PBXResourcesBuildPhase section */

/* Begin PBXSourcesBuildPhase section */
		3F1B3B621C98F8FD0012E529 /* Sources */ = {
			isa = PBXSourcesBuildPhase;
			buildActionMask = 2147483647;
			files = (
				3F1B3B711C98F8FD0012E529 /* ViewController.m in Sources */,
				3F1B3B6E1C98F8FD0012E529 /* AppDelegate.m in Sources */,
				3F1B3B6B1C98F8FD0012E529 /* main.m in Sources */,
			);
			runOnlyForDeploymentPostprocessing = 0;
		};
		3F1B3B7B1C98F8FD0012E529 /* Sources */ = {
			isa = PBXSourcesBuildPhase;
			buildActionMask = 2147483647;
			files = (
				3F1B3B841C98F8FD0012E529 /* wwwwTests.m in Sources */,
			);
			runOnlyForDeploymentPostprocessing = 0;
		};
		3F1B3B861C98F8FD0012E529 /* Sources */ = {
			isa = PBXSourcesBuildPhase;
			buildActionMask = 2147483647;
			files = (
				3F1B3B8F1C98F8FD0012E529 /* wwwwUITests.m in Sources */,
			);
			runOnlyForDeploymentPostprocessing = 0;
		};
/* End PBXSourcesBuildPhase section */

/* Begin PBXTargetDependency section */
		3F1B3B811C98F8FD0012E529 /* PBXTargetDependency */ = {
			isa = PBXTargetDependency;
			target = 3F1B3B651C98F8FD0012E529 /* wwww */;
			targetProxy = 3F1B3B801C98F8FD0012E529 /* PBXContainerItemProxy */;
		};
		3F1B3B8C1C98F8FD0012E529 /* PBXTargetDependency */ = {
			isa = PBXTargetDependency;
			target = 3F1B3B651C98F8FD0012E529 /* wwww */;
			targetProxy = 3F1B3B8B1C98F8FD0012E529 /* PBXContainerItemProxy */;
		};
/* End PBXTargetDependency section */

/* Begin PBXVariantGroup section */
		3F1B3B721C98F8FD0012E529 /* Main.storyboard */ = {
			isa = PBXVariantGroup;
			children = (
				3F1B3B731C98F8FD0012E529 /* Base */,
			);
			name = Main.storyboard;
			sourceTree = "<group>";
		};
		3F1B3B771C98F8FD0012E529 /* LaunchScreen.storyboard */ = {
			isa = PBXVariantGroup;
			children = (
				3F1B3B781C98F8FD0012E529 /* Base */,
			);
			name = LaunchScreen.storyboard;
			sourceTree = "<group>";
		};
/* End PBXVariantGroup section */

/* Begin XCBuildConfiguration section */
		3F1B3B911C98F8FE0012E529 /* Debug */ = {
			isa = XCBuildConfiguration;
			buildSettings = {
				ALWAYS_SEARCH_USER_PATHS = NO;
				CLANG_CXX_LANGUAGE_STANDARD = "gnu++0x";
				CLANG_CXX_LIBRARY = "libc++";
				CLANG_ENABLE_MODULES = YES;
				CLANG_ENABLE_OBJC_ARC = YES;
				CLANG_WARN_BOOL_CONVERSION = YES;
				CLANG_WARN_CONSTANT_CONVERSION = YES;
				CLANG_WARN_DIRECT_OBJC_ISA_USAGE = YES_ERROR;
				CLANG_WARN_EMPTY_BODY = YES;
				CLANG_WARN_ENUM_CONVERSION = YES;
				CLANG_WARN_INT_CONVERSION = YES;
				CLANG_WARN_OBJC_ROOT_CLASS = YES_ERROR;
				CLANG_WARN_UNREACHABLE_CODE = YES;
				CLANG_WARN__DUPLICATE_METHOD_MATCH = YES;
				"CODE_SIGN_IDENTITY[sdk=iphoneos*]" = "iPhone Developer";
				COPY_PHASE_STRIP = NO;
				DEBUG_INFORMATION_FORMAT = dwarf;
				ENABLE_STRICT_OBJC_MSGSEND = YES;
				ENABLE_TESTABILITY = YES;
				GCC_C_LANGUAGE_STANDARD = gnu99;
				GCC_DYNAMIC_NO_PIC = NO;
				GCC_NO_COMMON_BLOCKS = YES;
				GCC_OPTIMIZATION_LEVEL = 0;
				GCC_PREPROCESSOR_DEFINITIONS = (
					"DEBUG=1",
					"$(inherited)",
				);
				GCC_WARN_64_TO_32_BIT_CONVERSION = YES;
				GCC_WARN_ABOUT_RETURN_TYPE = YES_ERROR;
				GCC_WARN_UNDECLARED_SELECTOR = YES;
				GCC_WARN_UNINITIALIZED_AUTOS = YES_AGGRESSIVE;
				GCC_WARN_UNUSED_FUNCTION = YES;
				GCC_WARN_UNUSED_VARIABLE = YES;
				IPHONEOS_DEPLOYMENT_TARGET = 9.0;
				MTL_ENABLE_DEBUG_INFO = YES;
				ONLY_ACTIVE_ARCH = YES;
				SDKROOT = iphoneos;
			};
			name = Debug;
		};
		3F1B3B921C98F8FE0012E529 /* Release */ = {
			isa = XCBuildConfiguration;
			buildSettings = {
				ALWAYS_SEARCH_USER_PATHS = NO;
				CLANG_CXX_LANGUAGE_STANDARD = "gnu++0x";
				CLANG_CXX_LIBRARY = "libc++";
				CLANG_ENABLE_MODULES = YES;
				CLANG_ENABLE_OBJC_ARC = YES;
				CLANG_WARN_BOOL_CONVERSION = YES;
				CLANG_WARN_CONSTANT_CONVERSION = YES;
				CLANG_WARN_DIRECT_OBJC_ISA_USAGE = YES_ERROR;
				CLANG_WARN_EMPTY_BODY = YES;
				CLANG_WARN_ENUM_CONVERSION = YES;
				CLANG_WARN_INT_CONVERSION = YES;
				CLANG_WARN_OBJC_ROOT_CLASS = YES_ERROR;
				CLANG_WARN_UNREACHABLE_CODE = YES;
				CLANG_WARN__DUPLICATE_METHOD_MATCH = YES;
				"CODE_SIGN_IDENTITY[sdk=iphoneos*]" = "iPhone Developer";
				COPY_PHASE_STRIP = NO;
				DEBUG_INFORMATION_FORMAT = "dwarf-with-dsym";
				ENABLE_NS_ASSERTIONS = NO;
				ENABLE_STRICT_OBJC_MSGSEND = YES;
				GCC_C_LANGUAGE_STANDARD = gnu99;
				GCC_NO_COMMON_BLOCKS = YES;
				GCC_WARN_64_TO_32_BIT_CONVERSION = YES;
				GCC_WARN_ABOUT_RETURN_TYPE = YES_ERROR;
				GCC_WARN_UNDECLARED_SELECTOR = YES;
				GCC_WARN_UNINITIALIZED_AUTOS = YES_AGGRESSIVE;
				GCC_WARN_UNUSED_FUNCTION = YES;
				GCC_WARN_UNUSED_VARIABLE = YES;
				IPHONEOS_DEPLOYMENT_TARGET = 9.0;
				MTL_ENABLE_DEBUG_INFO = NO;
				SDKROOT = iphoneos;
				VALIDATE_PRODUCT = YES;
			};
			name = Release;
		};
		3F1B3B941C98F8FE0012E529 /* Debug */ = {
			isa = XCBuildConfiguration;
			buildSettings = {
				ASSETCATALOG_COMPILER_APPICON_NAME = AppIcon;
				INFOPLIST_FILE = wwww/Info.plist;
				LD_RUNPATH_SEARCH_PATHS = "$(inherited) @executable_path/Frameworks";
				PRODUCT_BUNDLE_IDENTIFIER = "-.wwww";
				PRODUCT_NAME = "$(TARGET_NAME)";
			};
			name = Debug;
		};
		3F1B3B951C98F8FE0012E529 /* Release */ = {
			isa = XCBuildConfiguration;
			buildSettings = {
				ASSETCATALOG_COMPILER_APPICON_NAME = AppIcon;
				INFOPLIST_FILE = wwww/Info.plist;
				LD_RUNPATH_SEARCH_PATHS = "$(inherited) @executable_path/Frameworks";
				PRODUCT_BUNDLE_IDENTIFIER = "-.wwww";
				PRODUCT_NAME = "$(TARGET_NAME)";
			};
			name = Release;
		};
		3F1B3B971C98F8FE0012E529 /* Debug */ = {
			isa = XCBuildConfiguration;
			buildSettings = {
				BUNDLE_LOADER = "$(TEST_HOST)";
				INFOPLIST_FILE = wwwwTests/Info.plist;
				LD_RUNPATH_SEARCH_PATHS = "$(inherited) @executable_path/Frameworks @loader_path/Frameworks";
				PRODUCT_BUNDLE_IDENTIFIER = "-.wwwwTests";
				PRODUCT_NAME = "$(TARGET_NAME)";
				TEST_HOST = "$(BUILT_PRODUCTS_DIR)/wwww.app/wwww";
			};
			name = Debug;
		};
		3F1B3B981C98F8FE0012E529 /* Release */ = {
			isa = XCBuildConfiguration;
			buildSettings = {
				BUNDLE_LOADER = "$(TEST_HOST)";
				INFOPLIST_FILE = wwwwTests/Info.plist;
				LD_RUNPATH_SEARCH_PATHS = "$(inherited) @executable_path/Frameworks @loader_path/Frameworks";
				PRODUCT_BUNDLE_IDENTIFIER = "-.wwwwTests";
				PRODUCT_NAME = "$(TARGET_NAME)";
				TEST_HOST = "$(BUILT_PRODUCTS_DIR)/wwww.app/wwww";
			};
			name = Release;
		};
		3F1B3B9A1C98F8FE0012E529 /* Debug */ = {
			isa = XCBuildConfiguration;
			buildSettings = {
				INFOPLIST_FILE = wwwwUITests/Info.plist;
				LD_RUNPATH_SEARCH_PATHS = "$(inherited) @executable_path/Frameworks @loader_path/Frameworks";
				PRODUCT_BUNDLE_IDENTIFIER = "-.wwwwUITests";
				PRODUCT_NAME = "$(TARGET_NAME)";
				TEST_TARGET_NAME = wwww;
				USES_XCTRUNNER = YES;
			};
			name = Debug;
		};
		3F1B3B9B1C98F8FE0012E529 /* Release */ = {
			isa = XCBuildConfiguration;
			buildSettings = {
				INFOPLIST_FILE = wwwwUITests/Info.plist;
				LD_RUNPATH_SEARCH_PATHS = "$(inherited) @executable_path/Frameworks @loader_path/Frameworks";
				PRODUCT_BUNDLE_IDENTIFIER = "-.wwwwUITests";
				PRODUCT_NAME = "$(TARGET_NAME)";
				TEST_TARGET_NAME = wwww;
				USES_XCTRUNNER = YES;
			};
			name = Release;
		};
/* End XCBuildConfiguration section */

/* Begin XCConfigurationList section */
		3F1B3B611C98F8FD0012E529 /* Build configuration list for PBXProject "wwww" */ = {
			isa = XCConfigurationList;
			buildConfigurations = (
				3F1B3B911C98F8FE0012E529 /* Debug */,
				3F1B3B921C98F8FE0012E529 /* Release */,
			);
			defaultConfigurationIsVisible = 0;
			defaultConfigurationName = Release;
		};
		3F1B3B931C98F8FE0012E529 /* Build configuration list for PBXNativeTarget "wwww" */ = {
			isa = XCConfigurationList;
			buildConfigurations = (
				3F1B3B941C98F8FE0012E529 /* Debug */,
				3F1B3B951C98F8FE0012E529 /* Release */,
			);
			defaultConfigurationIsVisible = 0;
		};
		3F1B3B961C98F8FE0012E529 /* Build configuration list for PBXNativeTarget "wwwwTests" */ = {
			isa = XCConfigurationList;
			buildConfigurations = (
				3F1B3B971C98F8FE0012E529 /* Debug */,
				3F1B3B981C98F8FE0012E529 /* Release */,
			);
			defaultConfigurationIsVisible = 0;
		};
		3F1B3B991C98F8FE0012E529 /* Build configuration list for PBXNativeTarget "wwwwUITests" */ = {
			isa = XCConfigurationList;
			buildConfigurations = (
				3F1B3B9A1C98F8FE0012E529 /* Debug */,
				3F1B3B9B1C98F8FE0012E529 /* Release */,
			);
			defaultConfigurationIsVisible = 0;
		};
/* End XCConfigurationList section */
	};
	rootObject = 3F1B3B5E1C98F8FD0012E529 /* Project object */;
}
